// !$*UTF8*$!
{
	archiveVersion = 1;
	classes = {
	};
	objectVersion = 50;
	objects = {

/* Begin PBXBuildFile section */
		F99A3B2C25B40B62008F0C75 /* AppDelegate.swift in Sources */ = {isa = PBXBuildFile; fileRef = F99A3B2B25B40B62008F0C75 /* AppDelegate.swift */; };
		F99A3B2E25B40B62008F0C75 /* SceneDelegate.swift in Sources */ = {isa = PBXBuildFile; fileRef = F99A3B2D25B40B62008F0C75 /* SceneDelegate.swift */; };
		F99A3B3025B40B62008F0C75 /* ViewController.swift in Sources */ = {isa = PBXBuildFile; fileRef = F99A3B2F25B40B62008F0C75 /* ViewController.swift */; };
		F99A3B3325B40B62008F0C75 /* Main.storyboard in Resources */ = {isa = PBXBuildFile; fileRef = F99A3B3125B40B62008F0C75 /* Main.storyboard */; };
		F99A3B3525B40B63008F0C75 /* Assets.xcassets in Resources */ = {isa = PBXBuildFile; fileRef = F99A3B3425B40B63008F0C75 /* Assets.xcassets */; };
		F99A3B3825B40B63008F0C75 /* LaunchScreen.storyboard in Resources */ = {isa = PBXBuildFile; fileRef = F99A3B3625B40B63008F0C75 /* LaunchScreen.storyboard */; };
		F99A3B4325B40B63008F0C75 /* RxswiftPlayTests.swift in Sources */ = {isa = PBXBuildFile; fileRef = F99A3B4225B40B63008F0C75 /* RxswiftPlayTests.swift */; };
		F99A3B4E25B40B64008F0C75 /* RxswiftPlayUITests.swift in Sources */ = {isa = PBXBuildFile; fileRef = F99A3B4D25B40B64008F0C75 /* RxswiftPlayUITests.swift */; };
/* End PBXBuildFile section */

/* Begin PBXContainerItemProxy section */
		F99A3B3F25B40B63008F0C75 /* PBXContainerItemProxy */ = {
			isa = PBXContainerItemProxy;
			containerPortal = F99A3B2025B40B62008F0C75 /* Project object */;
			proxyType = 1;
			remoteGlobalIDString = F99A3B2725B40B62008F0C75;
			remoteInfo = RxswiftPlay;
		};
		F99A3B4A25B40B64008F0C75 /* PBXContainerItemProxy */ = {
			isa = PBXContainerItemProxy;
			containerPortal = F99A3B2025B40B62008F0C75 /* Project object */;
			proxyType = 1;
			remoteGlobalIDString = F99A3B2725B40B62008F0C75;
			remoteInfo = RxswiftPlay;
		};
/* End PBXContainerItemProxy section */

/* Begin PBXFileReference section */
		F99A3B2825B40B62008F0C75 /* RxswiftPlay.app */ = {isa = PBXFileReference; explicitFileType = wrapper.application; includeInIndex = 0; path = RxswiftPlay.app; sourceTree = BUILT_PRODUCTS_DIR; };
		F99A3B2B25B40B62008F0C75 /* AppDelegate.swift */ = {isa = PBXFileReference; lastKnownFileType = sourcecode.swift; path = AppDelegate.swift; sourceTree = "<group>"; };
		F99A3B2D25B40B62008F0C75 /* SceneDelegate.swift */ = {isa = PBXFileReference; lastKnownFileType = sourcecode.swift; path = SceneDelegate.swift; sourceTree = "<group>"; };
		F99A3B2F25B40B62008F0C75 /* ViewController.swift */ = {isa = PBXFileReference; lastKnownFileType = sourcecode.swift; path = ViewController.swift; sourceTree = "<group>"; };
		F99A3B3225B40B62008F0C75 /* Base */ = {isa = PBXFileReference; lastKnownFileType = file.storyboard; name = Base; path = Base.lproj/Main.storyboard; sourceTree = "<group>"; };
		F99A3B3425B40B63008F0C75 /* Assets.xcassets */ = {isa = PBXFileReference; lastKnownFileType = folder.assetcatalog; path = Assets.xcassets; sourceTree = "<group>"; };
		F99A3B3725B40B63008F0C75 /* Base */ = {isa = PBXFileReference; lastKnownFileType = file.storyboard; name = Base; path = Base.lproj/LaunchScreen.storyboard; sourceTree = "<group>"; };
		F99A3B3925B40B63008F0C75 /* Info.plist */ = {isa = PBXFileReference; lastKnownFileType = text.plist.xml; path = Info.plist; sourceTree = "<group>"; };
		F99A3B3E25B40B63008F0C75 /* RxswiftPlayTests.xctest */ = {isa = PBXFileReference; explicitFileType = wrapper.cfbundle; includeInIndex = 0; path = RxswiftPlayTests.xctest; sourceTree = BUILT_PRODUCTS_DIR; };
		F99A3B4225B40B63008F0C75 /* RxswiftPlayTests.swift */ = {isa = PBXFileReference; lastKnownFileType = sourcecode.swift; path = RxswiftPlayTests.swift; sourceTree = "<group>"; };
		F99A3B4425B40B63008F0C75 /* Info.plist */ = {isa = PBXFileReference; lastKnownFileType = text.plist.xml; path = Info.plist; sourceTree = "<group>"; };
		F99A3B4925B40B63008F0C75 /* RxswiftPlayUITests.xctest */ = {isa = PBXFileReference; explicitFileType = wrapper.cfbundle; includeInIndex = 0; path = RxswiftPlayUITests.xctest; sourceTree = BUILT_PRODUCTS_DIR; };
		F99A3B4D25B40B64008F0C75 /* RxswiftPlayUITests.swift */ = {isa = PBXFileReference; lastKnownFileType = sourcecode.swift; path = RxswiftPlayUITests.swift; sourceTree = "<group>"; };
		F99A3B4F25B40B64008F0C75 /* Info.plist */ = {isa = PBXFileReference; lastKnownFileType = text.plist.xml; path = Info.plist; sourceTree = "<group>"; };
/* End PBXFileReference section */

/* Begin PBXFrameworksBuildPhase section */
		F99A3B2525B40B62008F0C75 /* Frameworks */ = {
			isa = PBXFrameworksBuildPhase;
			buildActionMask = 2147483647;
			files = (
			);
			runOnlyForDeploymentPostprocessing = 0;
		};
		F99A3B3B25B40B63008F0C75 /* Frameworks */ = {
			isa = PBXFrameworksBuildPhase;
			buildActionMask = 2147483647;
			files = (
			);
			runOnlyForDeploymentPostprocessing = 0;
		};
		F99A3B4625B40B63008F0C75 /* Frameworks */ = {
			isa = PBXFrameworksBuildPhase;
			buildActionMask = 2147483647;
			files = (
			);
			runOnlyForDeploymentPostprocessing = 0;
		};
/* End PBXFrameworksBuildPhase section */

/* Begin PBXGroup section */
		F99A3B1F25B40B62008F0C75 = {
			isa = PBXGroup;
			children = (
				F99A3B2A25B40B62008F0C75 /* RxswiftPlay */,
				F99A3B4125B40B63008F0C75 /* RxswiftPlayTests */,
				F99A3B4C25B40B64008F0C75 /* RxswiftPlayUITests */,
				F99A3B2925B40B62008F0C75 /* Products */,
			);
			sourceTree = "<group>";
		};
		F99A3B2925B40B62008F0C75 /* Products */ = {
			isa = PBXGroup;
			children = (
				F99A3B2825B40B62008F0C75 /* RxswiftPlay.app */,
				F99A3B3E25B40B63008F0C75 /* RxswiftPlayTests.xctest */,
				F99A3B4925B40B63008F0C75 /* RxswiftPlayUITests.xctest */,
			);
			name = Products;
			sourceTree = "<group>";
		};
		F99A3B2A25B40B62008F0C75 /* RxswiftPlay */ = {
			isa = PBXGroup;
			children = (
				F99A3B2B25B40B62008F0C75 /* AppDelegate.swift */,
				F99A3B2D25B40B62008F0C75 /* SceneDelegate.swift */,
				F99A3B2F25B40B62008F0C75 /* ViewController.swift */,
				F99A3B3125B40B62008F0C75 /* Main.storyboard */,
				F99A3B3425B40B63008F0C75 /* Assets.xcassets */,
				F99A3B3625B40B63008F0C75 /* LaunchScreen.storyboard */,
				F99A3B3925B40B63008F0C75 /* Info.plist */,
			);
			path = RxswiftPlay;
			sourceTree = "<group>";
		};
		F99A3B4125B40B63008F0C75 /* RxswiftPlayTests */ = {
			isa = PBXGroup;
			children = (
				F99A3B4225B40B63008F0C75 /* RxswiftPlayTests.swift */,
				F99A3B4425B40B63008F0C75 /* Info.plist */,
			);
			path = RxswiftPlayTests;
			sourceTree = "<group>";
		};
		F99A3B4C25B40B64008F0C75 /* RxswiftPlayUITests */ = {
			isa = PBXGroup;
			children = (
				F99A3B4D25B40B64008F0C75 /* RxswiftPlayUITests.swift */,
				F99A3B4F25B40B64008F0C75 /* Info.plist */,
			);
			path = RxswiftPlayUITests;
			sourceTree = "<group>";
		};
/* End PBXGroup section */

/* Begin PBXNativeTarget section */
		F99A3B2725B40B62008F0C75 /* RxswiftPlay */ = {
			isa = PBXNativeTarget;
			buildConfigurationList = F99A3B5225B40B64008F0C75 /* Build configuration list for PBXNativeTarget "RxswiftPlay" */;
			buildPhases = (
				F99A3B2425B40B62008F0C75 /* Sources */,
				F99A3B2525B40B62008F0C75 /* Frameworks */,
				F99A3B2625B40B62008F0C75 /* Resources */,
			);
			buildRules = (
			);
			dependencies = (
			);
			name = RxswiftPlay;
			productName = RxswiftPlay;
			productReference = F99A3B2825B40B62008F0C75 /* RxswiftPlay.app */;
			productType = "com.apple.product-type.application";
		};
		F99A3B3D25B40B63008F0C75 /* RxswiftPlayTests */ = {
			isa = PBXNativeTarget;
			buildConfigurationList = F99A3B5525B40B64008F0C75 /* Build configuration list for PBXNativeTarget "RxswiftPlayTests" */;
			buildPhases = (
				F99A3B3A25B40B63008F0C75 /* Sources */,
				F99A3B3B25B40B63008F0C75 /* Frameworks */,
				F99A3B3C25B40B63008F0C75 /* Resources */,
			);
			buildRules = (
			);
			dependencies = (
				F99A3B4025B40B63008F0C75 /* PBXTargetDependency */,
			);
			name = RxswiftPlayTests;
			productName = RxswiftPlayTests;
			productReference = F99A3B3E25B40B63008F0C75 /* RxswiftPlayTests.xctest */;
			productType = "com.apple.product-type.bundle.unit-test";
		};
		F99A3B4825B40B63008F0C75 /* RxswiftPlayUITests */ = {
			isa = PBXNativeTarget;
			buildConfigurationList = F99A3B5825B40B64008F0C75 /* Build configuration list for PBXNativeTarget "RxswiftPlayUITests" */;
			buildPhases = (
				F99A3B4525B40B63008F0C75 /* Sources */,
				F99A3B4625B40B63008F0C75 /* Frameworks */,
				F99A3B4725B40B63008F0C75 /* Resources */,
			);
			buildRules = (
			);
			dependencies = (
				F99A3B4B25B40B64008F0C75 /* PBXTargetDependency */,
			);
			name = RxswiftPlayUITests;
			productName = RxswiftPlayUITests;
			productReference = F99A3B4925B40B63008F0C75 /* RxswiftPlayUITests.xctest */;
			productType = "com.apple.product-type.bundle.ui-testing";
		};
/* End PBXNativeTarget section */

/* Begin PBXProject section */
		F99A3B2025B40B62008F0C75 /* Project object */ = {
			isa = PBXProject;
			attributes = {
				LastSwiftUpdateCheck = 1230;
				LastUpgradeCheck = 1230;
				TargetAttributes = {
					F99A3B2725B40B62008F0C75 = {
						CreatedOnToolsVersion = 12.3;
					};
					F99A3B3D25B40B63008F0C75 = {
						CreatedOnToolsVersion = 12.3;
						TestTargetID = F99A3B2725B40B62008F0C75;
					};
					F99A3B4825B40B63008F0C75 = {
						CreatedOnToolsVersion = 12.3;
						TestTargetID = F99A3B2725B40B62008F0C75;
					};
				};
			};
			buildConfigurationList = F99A3B2325B40B62008F0C75 /* Build configuration list for PBXProject "RxswiftPlay" */;
			compatibilityVersion = "Xcode 9.3";
			developmentRegion = en;
			hasScannedForEncodings = 0;
			knownRegions = (
				en,
				Base,
			);
			mainGroup = F99A3B1F25B40B62008F0C75;
			productRefGroup = F99A3B2925B40B62008F0C75 /* Products */;
			projectDirPath = "";
			projectRoot = "";
			targets = (
				F99A3B2725B40B62008F0C75 /* RxswiftPlay */,
				F99A3B3D25B40B63008F0C75 /* RxswiftPlayTests */,
				F99A3B4825B40B63008F0C75 /* RxswiftPlayUITests */,
			);
		};
/* End PBXProject section */

/* Begin PBXResourcesBuildPhase section */
		F99A3B2625B40B62008F0C75 /* Resources */ = {
			isa = PBXResourcesBuildPhase;
			buildActionMask = 2147483647;
			files = (
				F99A3B3825B40B63008F0C75 /* LaunchScreen.storyboard in Resources */,
				F99A3B3525B40B63008F0C75 /* Assets.xcassets in Resources */,
				F99A3B3325B40B62008F0C75 /* Main.storyboard in Resources */,
			);
			runOnlyForDeploymentPostprocessing = 0;
		};
		F99A3B3C25B40B63008F0C75 /* Resources */ = {
			isa = PBXResourcesBuildPhase;
			buildActionMask = 2147483647;
			files = (
			);
			runOnlyForDeploymentPostprocessing = 0;
		};
		F99A3B4725B40B63008F0C75 /* Resources */ = {
			isa = PBXResourcesBuildPhase;
			buildActionMask = 2147483647;
			files = (
			);
			runOnlyForDeploymentPostprocessing = 0;
		};
/* End PBXResourcesBuildPhase section */

/* Begin PBXSourcesBuildPhase section */
		F99A3B2425B40B62008F0C75 /* Sources */ = {
			isa = PBXSourcesBuildPhase;
			buildActionMask = 2147483647;
			files = (
				F99A3B3025B40B62008F0C75 /* ViewController.swift in Sources */,
				F99A3B2C25B40B62008F0C75 /* AppDelegate.swift in Sources */,
				F99A3B2E25B40B62008F0C75 /* SceneDelegate.swift in Sources */,
			);
			runOnlyForDeploymentPostprocessing = 0;
		};
		F99A3B3A25B40B63008F0C75 /* Sources */ = {
			isa = PBXSourcesBuildPhase;
			buildActionMask = 2147483647;
			files = (
				F99A3B4325B40B63008F0C75 /* RxswiftPlayTests.swift in Sources */,
			);
			runOnlyForDeploymentPostprocessing = 0;
		};
		F99A3B4525B40B63008F0C75 /* Sources */ = {
			isa = PBXSourcesBuildPhase;
			buildActionMask = 2147483647;
			files = (
				F99A3B4E25B40B64008F0C75 /* RxswiftPlayUITests.swift in Sources */,
			);
			runOnlyForDeploymentPostprocessing = 0;
		};
/* End PBXSourcesBuildPhase section */

/* Begin PBXTargetDependency section */
		F99A3B4025B40B63008F0C75 /* PBXTargetDependency */ = {
			isa = PBXTargetDependency;
			target = F99A3B2725B40B62008F0C75 /* RxswiftPlay */;
			targetProxy = F99A3B3F25B40B63008F0C75 /* PBXContainerItemProxy */;
		};
		F99A3B4B25B40B64008F0C75 /* PBXTargetDependency */ = {
			isa = PBXTargetDependency;
			target = F99A3B2725B40B62008F0C75 /* RxswiftPlay */;
			targetProxy = F99A3B4A25B40B64008F0C75 /* PBXContainerItemProxy */;
		};
/* End PBXTargetDependency section */

/* Begin PBXVariantGroup section */
		F99A3B3125B40B62008F0C75 /* Main.storyboard */ = {
			isa = PBXVariantGroup;
			children = (
				F99A3B3225B40B62008F0C75 /* Base */,
			);
			name = Main.storyboard;
			sourceTree = "<group>";
		};
		F99A3B3625B40B63008F0C75 /* LaunchScreen.storyboard */ = {
			isa = PBXVariantGroup;
			children = (
				F99A3B3725B40B63008F0C75 /* Base */,
			);
			name = LaunchScreen.storyboard;
			sourceTree = "<group>";
		};
/* End PBXVariantGroup section */

/* Begin XCBuildConfiguration section */
		F99A3B5025B40B64008F0C75 /* Debug */ = {
			isa = XCBuildConfiguration;
			buildSettings = {
				ALWAYS_SEARCH_USER_PATHS = NO;
				CLANG_ANALYZER_NONNULL = YES;
				CLANG_ANALYZER_NUMBER_OBJECT_CONVERSION = YES_AGGRESSIVE;
				CLANG_CXX_LANGUAGE_STANDARD = "gnu++14";
				CLANG_CXX_LIBRARY = "libc++";
				CLANG_ENABLE_MODULES = YES;
				CLANG_ENABLE_OBJC_ARC = YES;
				CLANG_ENABLE_OBJC_WEAK = YES;
				CLANG_WARN_BLOCK_CAPTURE_AUTORELEASING = YES;
				CLANG_WARN_BOOL_CONVERSION = YES;
				CLANG_WARN_COMMA = YES;
				CLANG_WARN_CONSTANT_CONVERSION = YES;
				CLANG_WARN_DEPRECATED_OBJC_IMPLEMENTATIONS = YES;
				CLANG_WARN_DIRECT_OBJC_ISA_USAGE = YES_ERROR;
				CLANG_WARN_DOCUMENTATION_COMMENTS = YES;
				CLANG_WARN_EMPTY_BODY = YES;
				CLANG_WARN_ENUM_CONVERSION = YES;
				CLANG_WARN_INFINITE_RECURSION = YES;
				CLANG_WARN_INT_CONVERSION = YES;
				CLANG_WARN_NON_LITERAL_NULL_CONVERSION = YES;
				CLANG_WARN_OBJC_IMPLICIT_RETAIN_SELF = YES;
				CLANG_WARN_OBJC_LITERAL_CONVERSION = YES;
				CLANG_WARN_OBJC_ROOT_CLASS = YES_ERROR;
				CLANG_WARN_QUOTED_INCLUDE_IN_FRAMEWORK_HEADER = YES;
				CLANG_WARN_RANGE_LOOP_ANALYSIS = YES;
				CLANG_WARN_STRICT_PROTOTYPES = YES;
				CLANG_WARN_SUSPICIOUS_MOVE = YES;
				CLANG_WARN_UNGUARDED_AVAILABILITY = YES_AGGRESSIVE;
				CLANG_WARN_UNREACHABLE_CODE = YES;
				CLANG_WARN__DUPLICATE_METHOD_MATCH = YES;
				COPY_PHASE_STRIP = NO;
				DEBUG_INFORMATION_FORMAT = dwarf;
				ENABLE_STRICT_OBJC_MSGSEND = YES;
				ENABLE_TESTABILITY = YES;
				GCC_C_LANGUAGE_STANDARD = gnu11;
				GCC_DYNAMIC_NO_PIC = NO;
				GCC_NO_COMMON_BLOCKS = YES;
				GCC_OPTIMIZATION_LEVEL = 0;
				GCC_PREPROCESSOR_DEFINITIONS = (
					"DEBUG=1",
					"$(inherited)",
				);
				GCC_WARN_64_TO_32_BIT_CONVERSION = YES;
				GCC_WARN_ABOUT_RETURN_TYPE = YES_ERROR;
				GCC_WARN_UNDECLARED_SELECTOR = YES;
				GCC_WARN_UNINITIALIZED_AUTOS = YES_AGGRESSIVE;
				GCC_WARN_UNUSED_FUNCTION = YES;
				GCC_WARN_UNUSED_VARIABLE = YES;
				IPHONEOS_DEPLOYMENT_TARGET = 14.3;
				MTL_ENABLE_DEBUG_INFO = INCLUDE_SOURCE;
				MTL_FAST_MATH = YES;
				ONLY_ACTIVE_ARCH = YES;
				SDKROOT = iphoneos;
				SWIFT_ACTIVE_COMPILATION_CONDITIONS = DEBUG;
				SWIFT_OPTIMIZATION_LEVEL = "-Onone";
			};
			name = Debug;
		};
		F99A3B5125B40B64008F0C75 /* Release */ = {
			isa = XCBuildConfiguration;
			buildSettings = {
				ALWAYS_SEARCH_USER_PATHS = NO;
				CLANG_ANALYZER_NONNULL = YES;
				CLANG_ANALYZER_NUMBER_OBJECT_CONVERSION = YES_AGGRESSIVE;
				CLANG_CXX_LANGUAGE_STANDARD = "gnu++14";
				CLANG_CXX_LIBRARY = "libc++";
				CLANG_ENABLE_MODULES = YES;
				CLANG_ENABLE_OBJC_ARC = YES;
				CLANG_ENABLE_OBJC_WEAK = YES;
				CLANG_WARN_BLOCK_CAPTURE_AUTORELEASING = YES;
				CLANG_WARN_BOOL_CONVERSION = YES;
				CLANG_WARN_COMMA = YES;
				CLANG_WARN_CONSTANT_CONVERSION = YES;
				CLANG_WARN_DEPRECATED_OBJC_IMPLEMENTATIONS = YES;
				CLANG_WARN_DIRECT_OBJC_ISA_USAGE = YES_ERROR;
				CLANG_WARN_DOCUMENTATION_COMMENTS = YES;
				CLANG_WARN_EMPTY_BODY = YES;
				CLANG_WARN_ENUM_CONVERSION = YES;
				CLANG_WARN_INFINITE_RECURSION = YES;
				CLANG_WARN_INT_CONVERSION = YES;
				CLANG_WARN_NON_LITERAL_NULL_CONVERSION = YES;
				CLANG_WARN_OBJC_IMPLICIT_RETAIN_SELF = YES;
				CLANG_WARN_OBJC_LITERAL_CONVERSION = YES;
				CLANG_WARN_OBJC_ROOT_CLASS = YES_ERROR;
				CLANG_WARN_QUOTED_INCLUDE_IN_FRAMEWORK_HEADER = YES;
				CLANG_WARN_RANGE_LOOP_ANALYSIS = YES;
				CLANG_WARN_STRICT_PROTOTYPES = YES;
				CLANG_WARN_SUSPICIOUS_MOVE = YES;
				CLANG_WARN_UNGUARDED_AVAILABILITY = YES_AGGRESSIVE;
				CLANG_WARN_UNREACHABLE_CODE = YES;
				CLANG_WARN__DUPLICATE_METHOD_MATCH = YES;
				COPY_PHASE_STRIP = NO;
				DEBUG_INFORMATION_FORMAT = "dwarf-with-dsym";
				ENABLE_NS_ASSERTIONS = NO;
				ENABLE_STRICT_OBJC_MSGSEND = YES;
				GCC_C_LANGUAGE_STANDARD = gnu11;
				GCC_NO_COMMON_BLOCKS = YES;
				GCC_WARN_64_TO_32_BIT_CONVERSION = YES;
				GCC_WARN_ABOUT_RETURN_TYPE = YES_ERROR;
				GCC_WARN_UNDECLARED_SELECTOR = YES;
				GCC_WARN_UNINITIALIZED_AUTOS = YES_AGGRESSIVE;
				GCC_WARN_UNUSED_FUNCTION = YES;
				GCC_WARN_UNUSED_VARIABLE = YES;
				IPHONEOS_DEPLOYMENT_TARGET = 14.3;
				MTL_ENABLE_DEBUG_INFO = NO;
				MTL_FAST_MATH = YES;
				SDKROOT = iphoneos;
				SWIFT_COMPILATION_MODE = wholemodule;
				SWIFT_OPTIMIZATION_LEVEL = "-O";
				VALIDATE_PRODUCT = YES;
			};
			name = Release;
		};
		F99A3B5325B40B64008F0C75 /* Debug */ = {
			isa = XCBuildConfiguration;
			buildSettings = {
				ASSETCATALOG_COMPILER_APPICON_NAME = AppIcon;
				ASSETCATALOG_COMPILER_GLOBAL_ACCENT_COLOR_NAME = AccentColor;
				CODE_SIGN_STYLE = Automatic;
				DEVELOPMENT_TEAM = QFBB64MH66;
				INFOPLIST_FILE = RxswiftPlay/Info.plist;
				LD_RUNPATH_SEARCH_PATHS = (
					"$(inherited)",
					"@executable_path/Frameworks",
				);
				PRODUCT_BUNDLE_IDENTIFIER = com.gitaeklee.RxswiftPlay;
				PRODUCT_NAME = "$(TARGET_NAME)";
				SWIFT_VERSION = 5.0;
				TARGETED_DEVICE_FAMILY = "1,2";
			};
			name = Debug;
		};
		F99A3B5425B40B64008F0C75 /* Release */ = {
			isa = XCBuildConfiguration;
			buildSettings = {
				ASSETCATALOG_COMPILER_APPICON_NAME = AppIcon;
				ASSETCATALOG_COMPILER_GLOBAL_ACCENT_COLOR_NAME = AccentColor;
				CODE_SIGN_STYLE = Automatic;
				DEVELOPMENT_TEAM = QFBB64MH66;
				INFOPLIST_FILE = RxswiftPlay/Info.plist;
				LD_RUNPATH_SEARCH_PATHS = (
					"$(inherited)",
					"@executable_path/Frameworks",
				);
				PRODUCT_BUNDLE_IDENTIFIER = com.gitaeklee.RxswiftPlay;
				PRODUCT_NAME = "$(TARGET_NAME)";
				SWIFT_VERSION = 5.0;
				TARGETED_DEVICE_FAMILY = "1,2";
			};
			name = Release;
		};
		F99A3B5625B40B64008F0C75 /* Debug */ = {
			isa = XCBuildConfiguration;
			buildSettings = {
				ALWAYS_EMBED_SWIFT_STANDARD_LIBRARIES = YES;
				BUNDLE_LOADER = "$(TEST_HOST)";
				CODE_SIGN_STYLE = Automatic;
				DEVELOPMENT_TEAM = QFBB64MH66;
				INFOPLIST_FILE = RxswiftPlayTests/Info.plist;
				IPHONEOS_DEPLOYMENT_TARGET = 14.3;
				LD_RUNPATH_SEARCH_PATHS = (
					"$(inherited)",
					"@executable_path/Frameworks",
					"@loader_path/Frameworks",
				);
				PRODUCT_BUNDLE_IDENTIFIER = com.gitaeklee.RxswiftPlayTests;
				PRODUCT_NAME = "$(TARGET_NAME)";
				SWIFT_VERSION = 5.0;
				TARGETED_DEVICE_FAMILY = "1,2";
				TEST_HOST = "$(BUILT_PRODUCTS_DIR)/RxswiftPlay.app/RxswiftPlay";
			};
			name = Debug;
		};
		F99A3B5725B40B64008F0C75 /* Release */ = {
			isa = XCBuildConfiguration;
			buildSettings = {
				ALWAYS_EMBED_SWIFT_STANDARD_LIBRARIES = YES;
				BUNDLE_LOADER = "$(TEST_HOST)";
				CODE_SIGN_STYLE = Automatic;
				DEVELOPMENT_TEAM = QFBB64MH66;
				INFOPLIST_FILE = RxswiftPlayTests/Info.plist;
				IPHONEOS_DEPLOYMENT_TARGET = 14.3;
				LD_RUNPATH_SEARCH_PATHS = (
					"$(inherited)",
					"@executable_path/Frameworks",
					"@loader_path/Frameworks",
				);
				PRODUCT_BUNDLE_IDENTIFIER = com.gitaeklee.RxswiftPlayTests;
				PRODUCT_NAME = "$(TARGET_NAME)";
				SWIFT_VERSION = 5.0;
				TARGETED_DEVICE_FAMILY = "1,2";
				TEST_HOST = "$(BUILT_PRODUCTS_DIR)/RxswiftPlay.app/RxswiftPlay";
			};
			name = Release;
		};
		F99A3B5925B40B64008F0C75 /* Debug */ = {
			isa = XCBuildConfiguration;
			buildSettings = {
				ALWAYS_EMBED_SWIFT_STANDARD_LIBRARIES = YES;
				CODE_SIGN_STYLE = Automatic;
				DEVELOPMENT_TEAM = QFBB64MH66;
				INFOPLIST_FILE = RxswiftPlayUITests/Info.plist;
				LD_RUNPATH_SEARCH_PATHS = (
					"$(inherited)",
					"@executable_path/Frameworks",
					"@loader_path/Frameworks",
				);
				PRODUCT_BUNDLE_IDENTIFIER = com.gitaeklee.RxswiftPlayUITests;
				PRODUCT_NAME = "$(TARGET_NAME)";
				SWIFT_VERSION = 5.0;
				TARGETED_DEVICE_FAMILY = "1,2";
				TEST_TARGET_NAME = RxswiftPlay;
			};
			name = Debug;
		};
		F99A3B5A25B40B64008F0C75 /* Release */ = {
			isa = XCBuildConfiguration;
			buildSettings = {
				ALWAYS_EMBED_SWIFT_STANDARD_LIBRARIES = YES;
				CODE_SIGN_STYLE = Automatic;
				DEVELOPMENT_TEAM = QFBB64MH66;
				INFOPLIST_FILE = RxswiftPlayUITests/Info.plist;
				LD_RUNPATH_SEARCH_PATHS = (
					"$(inherited)",
					"@executable_path/Frameworks",
					"@loader_path/Frameworks",
				);
				PRODUCT_BUNDLE_IDENTIFIER = com.gitaeklee.RxswiftPlayUITests;
				PRODUCT_NAME = "$(TARGET_NAME)";
				SWIFT_VERSION = 5.0;
				TARGETED_DEVICE_FAMILY = "1,2";
				TEST_TARGET_NAME = RxswiftPlay;
			};
			name = Release;
		};
/* End XCBuildConfiguration section */

/* Begin XCConfigurationList section */
		F99A3B2325B40B62008F0C75 /* Build configuration list for PBXProject "RxswiftPlay" */ = {
			isa = XCConfigurationList;
			buildConfigurations = (
				F99A3B5025B40B64008F0C75 /* Debug */,
				F99A3B5125B40B64008F0C75 /* Release */,
			);
			defaultConfigurationIsVisible = 0;
			defaultConfigurationName = Release;
		};
		F99A3B5225B40B64008F0C75 /* Build configuration list for PBXNativeTarget "RxswiftPlay" */ = {
			isa = XCConfigurationList;
			buildConfigurations = (
				F99A3B5325B40B64008F0C75 /* Debug */,
				F99A3B5425B40B64008F0C75 /* Release */,
			);
			defaultConfigurationIsVisible = 0;
			defaultConfigurationName = Release;
		};
		F99A3B5525B40B64008F0C75 /* Build configuration list for PBXNativeTarget "RxswiftPlayTests" */ = {
			isa = XCConfigurationList;
			buildConfigurations = (
				F99A3B5625B40B64008F0C75 /* Debug */,
				F99A3B5725B40B64008F0C75 /* Release */,
			);
			defaultConfigurationIsVisible = 0;
			defaultConfigurationName = Release;
		};
		F99A3B5825B40B64008F0C75 /* Build configuration list for PBXNativeTarget "RxswiftPlayUITests" */ = {
			isa = XCConfigurationList;
			buildConfigurations = (
				F99A3B5925B40B64008F0C75 /* Debug */,
				F99A3B5A25B40B64008F0C75 /* Release */,
			);
			defaultConfigurationIsVisible = 0;
			defaultConfigurationName = Release;
		};
/* End XCConfigurationList section */
	};
	rootObject = F99A3B2025B40B62008F0C75 /* Project object */;
}
